lockfileVersion: '9.0'

settings:
  autoInstallPeers: true
  excludeLinksFromLockfile: false

importers:

  .:
    devDependencies:
      turbo:
        specifier: ^2.1.0
        version: 2.1.0

packages:

  turbo-darwin-64@2.1.0:
    resolution: {integrity: sha512-gHwpDk2gyB7qZ57gUUwDIS/IkglqEjjVtPZCTxmCRg28Tiwjui0azsLVKrnHP9UZHllozwbi28x8HXLXLEFF1w==}
    cpu: [x64]
    os: [darwin]

  turbo-darwin-arm64@2.1.0:
    resolution: {integrity: sha512-GLaqGetNC6eS4eqXgsheLOHic/OcnGCGDi5boVf+TFZTXYH6YE15L4ugZha4xHXCr1KouCLILHh+f8EHEmWylg==}
    cpu: [arm64]
    os: [darwin]

  turbo-linux-64@2.1.0:
    resolution: {integrity: sha512-VzBOsj7JyGoZtiNZZ6brjnY7UehRnClluw7pwznuLPzClkqOOPMd2jOcgkWxnP/xW4NBmOoFANXXrtvKBD4f2w==}
    cpu: [x64]
    os: [linux]

  turbo-linux-arm64@2.1.0:
    resolution: {integrity: sha512-St7svJnOO5g4F6R7Z32e10I/0M3e6qpNjEYybXwPNul9NSfnUXeky4WoKaALwqNhyJ7nYemoFpZ1d+i8hFQTHg==}
    cpu: [arm64]
    os: [linux]

  turbo-windows-64@2.1.0:
    resolution: {integrity: sha512-iSobNud2MrJ1SZ1upVPlErT8xexsr0MQtKapdfq6z0M0rBnrDGEq5bUCSScWyGu+O4+glB4br9xkTAkGFqaxqQ==}
    cpu: [x64]
    os: [win32]

  turbo-windows-arm64@2.1.0:
    resolution: {integrity: sha512-d61jN4rjE5PnUfF66GKrKoj8S8Ql4FGXzFFzZz4kjsHpZZzCTtqlzPZBmd1byzGYhDPTorTqG3G1USohbdyohA==}
    cpu: [arm64]
    os: [win32]

  turbo@2.1.0:
    resolution: {integrity: sha512-A969/LO/sPHKlapIarY2VVzqQ5JnnW2/1kksZlnMEpsRD6gwOELvVL+ozfMiO7av9RILt3UeN02L17efr6HUCA==}
    hasBin: true

snapshots:

  turbo-darwin-64@2.1.0:
    optional: true

  turbo-darwin-arm64@2.1.0:
    optional: true

  turbo-linux-64@2.1.0:
    optional: true

  turbo-linux-arm64@2.1.0:
    optional: true

  turbo-windows-64@2.1.0:
    optional: true

  turbo-windows-arm64@2.1.0:
    optional: true

  turbo@2.1.0:
    optionalDependencies:
      turbo-darwin-64: 2.1.0
      turbo-darwin-arm64: 2.1.0
      turbo-linux-64: 2.1.0
      turbo-linux-arm64: 2.1.0
      turbo-windows-64: 2.1.0
      turbo-windows-arm64: 2.1.0
